
Microsoft Visual Studio Solution File, Format Version 12.00
# Visual Studio Version 17
VisualStudioVersion = 17.13.35913.81 d17.13
MinimumVisualStudioVersion = 10.0.40219.1
Project("{FAE04EC0-301F-11D3-BF4B-00C04F79EFBC}") = "Bibliotek", "Bibliotek\Bibliotek.csproj", "{12EEE7AD-DD3F-4ACB-B501-098E859B750F}"
EndProject
Global
	GlobalSection(SolutionConfigurationPlatforms) = preSolution
		Debug|Any CPU = Debug|Any CPU
		Release|Any CPU = Release|Any CPU
	EndGlobalSection
	GlobalSection(ProjectConfigurationPlatforms) = postSolution
		{12EEE7AD-DD3F-4ACB-B501-098E859B750F}.Debug|Any CPU.ActiveCfg = Debug|Any CPU
		{12EEE7AD-DD3F-4ACB-B501-098E859B750F}.Debug|Any CPU.Build.0 = Debug|Any CPU
		{12EEE7AD-DD3F-4ACB-B501-098E859B750F}.Release|Any CPU.ActiveCfg = Release|Any CPU
		{12EEE7AD-DD3F-4ACB-B501-098E859B750F}.Release|Any CPU.Build.0 = Release|Any CPU
	EndGlobalSection
	GlobalSection(SolutionProperties) = preSolution
		HideSolutionNode = FALSE
	EndGlobalSection
	GlobalSection(ExtensibilityGlobals) = postSolution
		SolutionGuid = {325C4BC0-2A4C-4DAA-9197-6CE2F97FB74E}
	EndGlobalSection
EndGlobal
